
Microsoft Visual Studio Solution File, Format Version 12.00
# Visual Studio Version 17
VisualStudioVersion = 17.3.32819.101
MinimumVisualStudioVersion = 10.0.40219.1
Project("{FAE04EC0-301F-11D3-BF4B-00C04F79EFBC}") = "SBetze_PE3", "SBetze_PE3.csproj", "{663A978A-7A35-4FB5-9C72-68FDA49B2E68}"
EndProject
Global
	GlobalSection(SolutionConfigurationPlatforms) = preSolution
		Debug|Any CPU = Debug|Any CPU
		Release|Any CPU = Release|Any CPU
	EndGlobalSection
	GlobalSection(ProjectConfigurationPlatforms) = postSolution
		{663A978A-7A35-4FB5-9C72-68FDA49B2E68}.Debug|Any CPU.ActiveCfg = Debug|Any CPU
		{663A978A-7A35-4FB5-9C72-68FDA49B2E68}.Debug|Any CPU.Build.0 = Debug|Any CPU
		{663A978A-7A35-4FB5-9C72-68FDA49B2E68}.Release|Any CPU.ActiveCfg = Release|Any CPU
		{663A978A-7A35-4FB5-9C72-68FDA49B2E68}.Release|Any CPU.Build.0 = Release|Any CPU
	EndGlobalSection
	GlobalSection(SolutionProperties) = preSolution
		HideSolutionNode = FALSE
	EndGlobalSection
	GlobalSection(ExtensibilityGlobals) = postSolution
		SolutionGuid = {AFFC1C8F-4FFD-4F51-BC5C-E468876680F9}
	EndGlobalSection
EndGlobal
